
Microsoft Visual Studio Solution File, Format Version 12.00
# Visual Studio 2015
Project("{FAE04EC0-301F-11D3-BF4B-00C04F79EFBC}") = "OuttaTimeGame3.CSharp.Plugins", "OuttaTimeGame3.CSharp.Plugins.csproj", "{8C9F6639-889D-40B0-A8A9-1C9E94119BF5}"
EndProject
Project("{FAE04EC0-301F-11D3-BF4B-00C04F79EFBC}") = "OuttaTimeGame3.CSharp", "OuttaTimeGame3.CSharp.csproj", "{A635C16B-97DA-1AEF-D91E-B60B319A1991}"
EndProject
Project("{FAE04EC0-301F-11D3-BF4B-00C04F79EFBC}") = "OuttaTimeGame3.CSharp.Editor", "OuttaTimeGame3.CSharp.Editor.csproj", "{B857A7DC-8C47-EE17-537F-6683EAAA74E1}"
EndProject
Global
	GlobalSection(SolutionConfigurationPlatforms) = preSolution
		Debug|Any CPU = Debug|Any CPU
		Release|Any CPU = Release|Any CPU
	EndGlobalSection
	GlobalSection(ProjectConfigurationPlatforms) = postSolution
		{8C9F6639-889D-40B0-A8A9-1C9E94119BF5}.Debug|Any CPU.ActiveCfg = Debug|Any CPU
		{8C9F6639-889D-40B0-A8A9-1C9E94119BF5}.Debug|Any CPU.Build.0 = Debug|Any CPU
		{8C9F6639-889D-40B0-A8A9-1C9E94119BF5}.Release|Any CPU.ActiveCfg = Release|Any CPU
		{8C9F6639-889D-40B0-A8A9-1C9E94119BF5}.Release|Any CPU.Build.0 = Release|Any CPU
		{A635C16B-97DA-1AEF-D91E-B60B319A1991}.Debug|Any CPU.ActiveCfg = Debug|Any CPU
		{A635C16B-97DA-1AEF-D91E-B60B319A1991}.Debug|Any CPU.Build.0 = Debug|Any CPU
		{A635C16B-97DA-1AEF-D91E-B60B319A1991}.Release|Any CPU.ActiveCfg = Release|Any CPU
		{A635C16B-97DA-1AEF-D91E-B60B319A1991}.Release|Any CPU.Build.0 = Release|Any CPU
		{B857A7DC-8C47-EE17-537F-6683EAAA74E1}.Debug|Any CPU.ActiveCfg = Debug|Any CPU
		{B857A7DC-8C47-EE17-537F-6683EAAA74E1}.Debug|Any CPU.Build.0 = Debug|Any CPU
		{B857A7DC-8C47-EE17-537F-6683EAAA74E1}.Release|Any CPU.ActiveCfg = Release|Any CPU
		{B857A7DC-8C47-EE17-537F-6683EAAA74E1}.Release|Any CPU.Build.0 = Release|Any CPU
	EndGlobalSection
	GlobalSection(SolutionProperties) = preSolution
		HideSolutionNode = FALSE
	EndGlobalSection
EndGlobal
